{
  "name": "ficha-espacial",
  "version": "1.0.0",
  "lockfileVersion": 1,
  "requires": true,
  "dependencies": {
    "arangojs": {
      "version": "4.5.1",
      "resolved": "https://registry.npmjs.org/arangojs/-/arangojs-4.5.1.tgz",
      "integrity": "sha1-lE2gCr/HfX3THAGlfj4GXctO9nM=",
      "requires": {
        "es6-error": "3.0.0",
        "http-errors": "1.5.0",
        "linkedlist": "1.0.1"
      }
    },
    "commander": {
      "version": "2.11.0",
      "resolved": "https://registry.npmjs.org/commander/-/commander-2.11.0.tgz",
      "integrity": "sha512-b0553uYA5YAEGgyYIGYROzKQ7X5RAqedkfjiZxwi0kL1g3bOaBNNZfYkzt/CL0umgD5wc9Jec2FbB98CjkMRvQ=="
    },
    "dotenv": {
      "version": "4.0.0",
      "resolved": "https://registry.npmjs.org/dotenv/-/dotenv-4.0.0.tgz",
      "integrity": "sha1-hk7xN5rO1Vzm+V3r7NzhefegzR0="
    },
    "es6-error": {
      "version": "3.0.0",
      "resolved": "https://registry.npmjs.org/es6-error/-/es6-error-3.0.0.tgz",
      "integrity": "sha1-eqXh5gshhWZ2ca47nfOJ8CN+NTE="
    },
    "http-errors": {
      "version": "1.5.0",
      "resolved": "https://registry.npmjs.org/http-errors/-/http-errors-1.5.0.tgz",
      "integrity": "sha1-scs9gmD9jiOGytMYkEWUM3LUghE=",
      "requires": {
        "inherits": "2.0.1",
        "setprototypeof": "1.0.1",
        "statuses": "1.4.0"
      }
    },
    "inherits": {
      "version": "2.0.1",
      "resolved": "https://registry.npmjs.org/inherits/-/inherits-2.0.1.tgz",
      "integrity": "sha1-sX0I0ya0Qj5Wjv9xn5GwscvfafE="
    },
    "linebyline": {
      "version": "1.3.0",
      "resolved": "https://registry.npmjs.org/linebyline/-/linebyline-1.3.0.tgz",
      "integrity": "sha1-bvVM6rgy0j94Qe0vKW/psvba3pQ=",
      "dev": true
    },
    "linkedlist": {
      "version": "1.0.1",
      "resolved": "https://registry.npmjs.org/linkedlist/-/linkedlist-1.0.1.tgz",
      "integrity": "sha1-e3QYm/rW52Nn+1oQ88NpExKLeCs="
    },
    "n-readlines": {
      "version": "0.2.8",
      "resolved": "https://registry.npmjs.org/n-readlines/-/n-readlines-0.2.8.tgz",
      "integrity": "sha512-FRr6GU0vooiPAuHMBt/Pspm4htItJKCehs8Q2urdUuigXsdQzP8V03UaQedeCmiygqJwtuGhnidWHRHhUOAg9w==",
      "dev": true
    },
    "setprototypeof": {
      "version": "1.0.1",
      "resolved": "https://registry.npmjs.org/setprototypeof/-/setprototypeof-1.0.1.tgz",
      "integrity": "sha1-UgCbJ4iMTcSPWRlJwKgnWDTByn4="
    },
    "statuses": {
      "version": "1.4.0",
      "resolved": "https://registry.npmjs.org/statuses/-/statuses-1.4.0.tgz",
      "integrity": "sha512-zhSCtt8v2NDrRlPQpCNtw/heZLtfUDqxBM1udqikb/Hbk52LK4nQSwr10u77iopCW5LsyHpuXS0GnEc48mLeew=="
    }
  }
}
